
Microsoft Visual Studio Solution File, Format Version 12.00
# Visual Studio Version 17
VisualStudioVersion = 17.0.31919.166
MinimumVisualStudioVersion = 10.0.40219.1
Project("{FAE04EC0-301F-11D3-BF4B-00C04F79EFBC}") = "GospelNet", "GospelNet\GospelNet.csproj", "{F3683C68-4A7E-4CD3-8508-B1AF94F680F0}"
EndProject
Global
	GlobalSection(SolutionConfigurationPlatforms) = preSolution
		Debug|Any CPU = Debug|Any CPU
		Release|Any CPU = Release|Any CPU
	EndGlobalSection
	GlobalSection(ProjectConfigurationPlatforms) = postSolution
		{F3683C68-4A7E-4CD3-8508-B1AF94F680F0}.Debug|Any CPU.ActiveCfg = Debug|Any CPU
		{F3683C68-4A7E-4CD3-8508-B1AF94F680F0}.Debug|Any CPU.Build.0 = Debug|Any CPU
		{F3683C68-4A7E-4CD3-8508-B1AF94F680F0}.Release|Any CPU.ActiveCfg = Release|Any CPU
		{F3683C68-4A7E-4CD3-8508-B1AF94F680F0}.Release|Any CPU.Build.0 = Release|Any CPU
	EndGlobalSection
	GlobalSection(SolutionProperties) = preSolution
		HideSolutionNode = FALSE
	EndGlobalSection
	GlobalSection(ExtensibilityGlobals) = postSolution
		SolutionGuid = {F7C38ED8-3740-4482-94B6-C3F17E42B55E}
	EndGlobalSection
EndGlobal
